
Microsoft Visual Studio Solution File, Format Version 12.00
# Visual Studio Version 17
VisualStudioVersion = 17.10.34928.147
MinimumVisualStudioVersion = 10.0.40219.1
Project("{2150E333-8FDC-42A3-9474-1A3956D46DE8}") = "src", "src", "{3494D1C0-76A1-4AF7-B343-8ED1D75A99EB}"
EndProject
Project("{2150E333-8FDC-42A3-9474-1A3956D46DE8}") = "Services", "Services", "{CA134049-18D4-44F3-BE05-047EB6758D10}"
EndProject
Project("{2150E333-8FDC-42A3-9474-1A3956D46DE8}") = "Clients", "Clients", "{636425DF-8FF3-4B7C-BF79-5A41EACF1383}"
EndProject
Project("{2150E333-8FDC-42A3-9474-1A3956D46DE8}") = "WebApp", "WebApp", "{D4E1662F-A05B-4F00-BE69-FBFBE044F565}"
EndProject
Project("{2150E333-8FDC-42A3-9474-1A3956D46DE8}") = "MobileApp", "MobileApp", "{878031B7-D61E-452B-BD10-C64E752F984E}"
EndProject
Project("{2150E333-8FDC-42A3-9474-1A3956D46DE8}") = "Configuration", "Configuration", "{468C6C4B-6EDF-4016-AE3C-B73EA5F0CA3C}"
EndProject
Project("{9A19103F-16F7-4668-BE54-9A1E7A4F7556}") = "Configuration.WebApi", "src\Configuration\Configuration.WebApi\Configuration.WebApi.csproj", "{A530395F-36EF-49BC-81EB-6761830BBDB7}"
EndProject
Project("{9A19103F-16F7-4668-BE54-9A1E7A4F7556}") = "Configuration.Business.Abstractions", "src\Configuration\Configuration.Business.Abstractions\Configuration.Business.Abstractions.csproj", "{7FFA1BFE-1DFA-4701-9E1A-2F05BACCBAF9}"
EndProject
Project("{2150E333-8FDC-42A3-9474-1A3956D46DE8}") = "Shared", "Shared", "{51E86029-5A9C-40CA-810C-D19F2CA218AD}"
EndProject
Project("{9A19103F-16F7-4668-BE54-9A1E7A4F7556}") = "BeymenGroup.Shared", "src\Shared\BeymenGroup.Shared\BeymenGroup.Shared.csproj", "{01240E3D-3A37-4D60-9039-8271EB797C79}"
EndProject
Project("{9A19103F-16F7-4668-BE54-9A1E7A4F7556}") = "Configuration.Common", "src\Configuration\Configuration.Common\Configuration.Common.csproj", "{35B55DF2-39EF-4BB7-BAD4-956D6203A565}"
EndProject
Project("{9A19103F-16F7-4668-BE54-9A1E7A4F7556}") = "Configuration.Business", "src\Configuration\Configuration.Business\Configuration.Business.csproj", "{FB46C397-0A94-4686-A865-5C743C021333}"
EndProject
Project("{9A19103F-16F7-4668-BE54-9A1E7A4F7556}") = "Configuration.Data.Models", "src\Configuration\Configuration.Data.Models\Configuration.Data.Models.csproj", "{67C554D3-7D3E-4C5D-9E93-4226F5B3701D}"
EndProject
Project("{9A19103F-16F7-4668-BE54-9A1E7A4F7556}") = "Configuration.Data.Abstractions", "src\Configuration\Configuration.Data.Abstractions\Configuration.Data.Abstractions.csproj", "{49971D87-5DE2-4164-AA10-022AEB49EE64}"
EndProject
Project("{9A19103F-16F7-4668-BE54-9A1E7A4F7556}") = "Configuration.Data.MongoDB", "src\Configuration\Configuration.Data.MongoDB\Configuration.Data.MongoDB.csproj", "{CDF5B72F-000B-4F3E-8CC2-E6DD7A8EAAAD}"
EndProject
Project("{9A19103F-16F7-4668-BE54-9A1E7A4F7556}") = "SERVICE-A", "src\Services\SERVICE-A\SERVICE-A.csproj", "{25482717-E69E-43A0-AA30-F864A31990BF}"
EndProject
Project("{2150E333-8FDC-42A3-9474-1A3956D46DE8}") = "Solution Items", "Solution Items", "{3AAD1B0C-6576-42A1-AC0F-15268EE5DF97}"
	ProjectSection(SolutionItems) = preProject
		ServiceUrls.txt = ServiceUrls.txt
	EndProjectSection
EndProject
Project("{9A19103F-16F7-4668-BE54-9A1E7A4F7556}") = "SERVICE-B", "src\Services\SERVICE-B\SERVICE-B.csproj", "{5F692B0B-3AF2-420C-A662-E5C3E04953A0}"
EndProject
Project("{9A19103F-16F7-4668-BE54-9A1E7A4F7556}") = "SERVICE-C", "src\Services\SERVICE-C\SERVICE-C.csproj", "{745554A6-5140-47EB-ACA2-B2AD6548A653}"
EndProject
Project("{9A19103F-16F7-4668-BE54-9A1E7A4F7556}") = "Configuration.Library", "src\Configuration\Configuration.Library\Configuration.Library.csproj", "{E5B18201-2A1C-435B-AD09-8E561A420F92}"
EndProject
Project("{2150E333-8FDC-42A3-9474-1A3956D46DE8}") = "tests", "tests", "{D97ECD6C-74C3-4DE0-AE1D-EE53E33E2874}"
EndProject
Project("{9A19103F-16F7-4668-BE54-9A1E7A4F7556}") = "Configuration.Library.Tests", "tests\Configuration.Library.Tests\Configuration.Library.Tests.csproj", "{1BD1BDEF-6180-4981-8C5D-08E9B25AEFC1}"
EndProject
Global
	GlobalSection(SolutionConfigurationPlatforms) = preSolution
		Debug|Any CPU = Debug|Any CPU
		Release|Any CPU = Release|Any CPU
	EndGlobalSection
	GlobalSection(ProjectConfigurationPlatforms) = postSolution
		{A530395F-36EF-49BC-81EB-6761830BBDB7}.Debug|Any CPU.ActiveCfg = Debug|Any CPU
		{A530395F-36EF-49BC-81EB-6761830BBDB7}.Debug|Any CPU.Build.0 = Debug|Any CPU
		{A530395F-36EF-49BC-81EB-6761830BBDB7}.Release|Any CPU.ActiveCfg = Release|Any CPU
		{A530395F-36EF-49BC-81EB-6761830BBDB7}.Release|Any CPU.Build.0 = Release|Any CPU
		{7FFA1BFE-1DFA-4701-9E1A-2F05BACCBAF9}.Debug|Any CPU.ActiveCfg = Debug|Any CPU
		{7FFA1BFE-1DFA-4701-9E1A-2F05BACCBAF9}.Debug|Any CPU.Build.0 = Debug|Any CPU
		{7FFA1BFE-1DFA-4701-9E1A-2F05BACCBAF9}.Release|Any CPU.ActiveCfg = Release|Any CPU
		{7FFA1BFE-1DFA-4701-9E1A-2F05BACCBAF9}.Release|Any CPU.Build.0 = Release|Any CPU
		{01240E3D-3A37-4D60-9039-8271EB797C79}.Debug|Any CPU.ActiveCfg = Debug|Any CPU
		{01240E3D-3A37-4D60-9039-8271EB797C79}.Debug|Any CPU.Build.0 = Debug|Any CPU
		{01240E3D-3A37-4D60-9039-8271EB797C79}.Release|Any CPU.ActiveCfg = Release|Any CPU
		{01240E3D-3A37-4D60-9039-8271EB797C79}.Release|Any CPU.Build.0 = Release|Any CPU
		{35B55DF2-39EF-4BB7-BAD4-956D6203A565}.Debug|Any CPU.ActiveCfg = Debug|Any CPU
		{35B55DF2-39EF-4BB7-BAD4-956D6203A565}.Debug|Any CPU.Build.0 = Debug|Any CPU
		{35B55DF2-39EF-4BB7-BAD4-956D6203A565}.Release|Any CPU.ActiveCfg = Release|Any CPU
		{35B55DF2-39EF-4BB7-BAD4-956D6203A565}.Release|Any CPU.Build.0 = Release|Any CPU
		{FB46C397-0A94-4686-A865-5C743C021333}.Debug|Any CPU.ActiveCfg = Debug|Any CPU
		{FB46C397-0A94-4686-A865-5C743C021333}.Debug|Any CPU.Build.0 = Debug|Any CPU
		{FB46C397-0A94-4686-A865-5C743C021333}.Release|Any CPU.ActiveCfg = Release|Any CPU
		{FB46C397-0A94-4686-A865-5C743C021333}.Release|Any CPU.Build.0 = Release|Any CPU
		{67C554D3-7D3E-4C5D-9E93-4226F5B3701D}.Debug|Any CPU.ActiveCfg = Debug|Any CPU
		{67C554D3-7D3E-4C5D-9E93-4226F5B3701D}.Debug|Any CPU.Build.0 = Debug|Any CPU
		{67C554D3-7D3E-4C5D-9E93-4226F5B3701D}.Release|Any CPU.ActiveCfg = Release|Any CPU
		{67C554D3-7D3E-4C5D-9E93-4226F5B3701D}.Release|Any CPU.Build.0 = Release|Any CPU
		{49971D87-5DE2-4164-AA10-022AEB49EE64}.Debug|Any CPU.ActiveCfg = Debug|Any CPU
		{49971D87-5DE2-4164-AA10-022AEB49EE64}.Debug|Any CPU.Build.0 = Debug|Any CPU
		{49971D87-5DE2-4164-AA10-022AEB49EE64}.Release|Any CPU.ActiveCfg = Release|Any CPU
		{49971D87-5DE2-4164-AA10-022AEB49EE64}.Release|Any CPU.Build.0 = Release|Any CPU
		{CDF5B72F-000B-4F3E-8CC2-E6DD7A8EAAAD}.Debug|Any CPU.ActiveCfg = Debug|Any CPU
		{CDF5B72F-000B-4F3E-8CC2-E6DD7A8EAAAD}.Debug|Any CPU.Build.0 = Debug|Any CPU
		{CDF5B72F-000B-4F3E-8CC2-E6DD7A8EAAAD}.Release|Any CPU.ActiveCfg = Release|Any CPU
		{CDF5B72F-000B-4F3E-8CC2-E6DD7A8EAAAD}.Release|Any CPU.Build.0 = Release|Any CPU
		{25482717-E69E-43A0-AA30-F864A31990BF}.Debug|Any CPU.ActiveCfg = Debug|Any CPU
		{25482717-E69E-43A0-AA30-F864A31990BF}.Debug|Any CPU.Build.0 = Debug|Any CPU
		{25482717-E69E-43A0-AA30-F864A31990BF}.Release|Any CPU.ActiveCfg = Release|Any CPU
		{25482717-E69E-43A0-AA30-F864A31990BF}.Release|Any CPU.Build.0 = Release|Any CPU
		{5F692B0B-3AF2-420C-A662-E5C3E04953A0}.Debug|Any CPU.ActiveCfg = Debug|Any CPU
		{5F692B0B-3AF2-420C-A662-E5C3E04953A0}.Debug|Any CPU.Build.0 = Debug|Any CPU
		{5F692B0B-3AF2-420C-A662-E5C3E04953A0}.Release|Any CPU.ActiveCfg = Release|Any CPU
		{5F692B0B-3AF2-420C-A662-E5C3E04953A0}.Release|Any CPU.Build.0 = Release|Any CPU
		{745554A6-5140-47EB-ACA2-B2AD6548A653}.Debug|Any CPU.ActiveCfg = Debug|Any CPU
		{745554A6-5140-47EB-ACA2-B2AD6548A653}.Debug|Any CPU.Build.0 = Debug|Any CPU
		{745554A6-5140-47EB-ACA2-B2AD6548A653}.Release|Any CPU.ActiveCfg = Release|Any CPU
		{745554A6-5140-47EB-ACA2-B2AD6548A653}.Release|Any CPU.Build.0 = Release|Any CPU
		{E5B18201-2A1C-435B-AD09-8E561A420F92}.Debug|Any CPU.ActiveCfg = Debug|Any CPU
		{E5B18201-2A1C-435B-AD09-8E561A420F92}.Debug|Any CPU.Build.0 = Debug|Any CPU
		{E5B18201-2A1C-435B-AD09-8E561A420F92}.Release|Any CPU.ActiveCfg = Release|Any CPU
		{E5B18201-2A1C-435B-AD09-8E561A420F92}.Release|Any CPU.Build.0 = Release|Any CPU
		{1BD1BDEF-6180-4981-8C5D-08E9B25AEFC1}.Debug|Any CPU.ActiveCfg = Debug|Any CPU
		{1BD1BDEF-6180-4981-8C5D-08E9B25AEFC1}.Debug|Any CPU.Build.0 = Debug|Any CPU
		{1BD1BDEF-6180-4981-8C5D-08E9B25AEFC1}.Release|Any CPU.ActiveCfg = Release|Any CPU
		{1BD1BDEF-6180-4981-8C5D-08E9B25AEFC1}.Release|Any CPU.Build.0 = Release|Any CPU
	EndGlobalSection
	GlobalSection(SolutionProperties) = preSolution
		HideSolutionNode = FALSE
	EndGlobalSection
	GlobalSection(NestedProjects) = preSolution
		{CA134049-18D4-44F3-BE05-047EB6758D10} = {3494D1C0-76A1-4AF7-B343-8ED1D75A99EB}
		{636425DF-8FF3-4B7C-BF79-5A41EACF1383} = {3494D1C0-76A1-4AF7-B343-8ED1D75A99EB}
		{D4E1662F-A05B-4F00-BE69-FBFBE044F565} = {636425DF-8FF3-4B7C-BF79-5A41EACF1383}
		{878031B7-D61E-452B-BD10-C64E752F984E} = {636425DF-8FF3-4B7C-BF79-5A41EACF1383}
		{468C6C4B-6EDF-4016-AE3C-B73EA5F0CA3C} = {3494D1C0-76A1-4AF7-B343-8ED1D75A99EB}
		{A530395F-36EF-49BC-81EB-6761830BBDB7} = {468C6C4B-6EDF-4016-AE3C-B73EA5F0CA3C}
		{7FFA1BFE-1DFA-4701-9E1A-2F05BACCBAF9} = {468C6C4B-6EDF-4016-AE3C-B73EA5F0CA3C}
		{51E86029-5A9C-40CA-810C-D19F2CA218AD} = {3494D1C0-76A1-4AF7-B343-8ED1D75A99EB}
		{01240E3D-3A37-4D60-9039-8271EB797C79} = {51E86029-5A9C-40CA-810C-D19F2CA218AD}
		{35B55DF2-39EF-4BB7-BAD4-956D6203A565} = {468C6C4B-6EDF-4016-AE3C-B73EA5F0CA3C}
		{FB46C397-0A94-4686-A865-5C743C021333} = {468C6C4B-6EDF-4016-AE3C-B73EA5F0CA3C}
		{67C554D3-7D3E-4C5D-9E93-4226F5B3701D} = {468C6C4B-6EDF-4016-AE3C-B73EA5F0CA3C}
		{49971D87-5DE2-4164-AA10-022AEB49EE64} = {468C6C4B-6EDF-4016-AE3C-B73EA5F0CA3C}
		{CDF5B72F-000B-4F3E-8CC2-E6DD7A8EAAAD} = {468C6C4B-6EDF-4016-AE3C-B73EA5F0CA3C}
		{25482717-E69E-43A0-AA30-F864A31990BF} = {CA134049-18D4-44F3-BE05-047EB6758D10}
		{5F692B0B-3AF2-420C-A662-E5C3E04953A0} = {CA134049-18D4-44F3-BE05-047EB6758D10}
		{745554A6-5140-47EB-ACA2-B2AD6548A653} = {CA134049-18D4-44F3-BE05-047EB6758D10}
		{E5B18201-2A1C-435B-AD09-8E561A420F92} = {468C6C4B-6EDF-4016-AE3C-B73EA5F0CA3C}
		{1BD1BDEF-6180-4981-8C5D-08E9B25AEFC1} = {D97ECD6C-74C3-4DE0-AE1D-EE53E33E2874}
	EndGlobalSection
	GlobalSection(ExtensibilityGlobals) = postSolution
		SolutionGuid = {B256DCCE-0461-4C2D-AE35-A9F3DE4B2279}
	EndGlobalSection
EndGlobal
